<?xml version="1.0" encoding="utf-8"?>
<Project ToolsVersion="15.0" xmlns="http://schemas.microsoft.com/developer/msbuild/2003">
  <ItemGroup>
    <CustomBuild Include="C:\Users\YW\Documents\GitHub\CMacIonize\0\CMakeFiles\0d5525041d8619845d3c9fa2e3a64f64\check_testHydroIntegrator.rule">
      <Filter>CMake Rules</Filter>
    </CustomBuild>
    <CustomBuild Include="C:\Users\YW\Documents\GitHub\CMacIonize\test\CMakeLists.txt" />
  </ItemGroup>
  <ItemGroup>
    <None Include="C:\Users\YW\Documents\GitHub\CMacIonize\0\test\CMakeFiles\check_testHydroIntegrator" />
  </ItemGroup>
  <ItemGroup>
    <Filter Include="CMake Rules">
      <UniqueIdentifier>{20452ABE-C100-3D2C-93F2-FF3BB4CAB4F6}</UniqueIdentifier>
    </Filter>
  </ItemGroup>
</Project>
