<?xml version="1.0" encoding="utf-8"?>
<Project ToolsVersion="15.0" xmlns="http://schemas.microsoft.com/developer/msbuild/2003">
  <ItemGroup>
    <ClCompile Include="C:\Users\YW\Documents\GitHub\CMacIonize\test\testCCDImage.cpp">
      <Filter>Source Files</Filter>
    </ClCompile>
  </ItemGroup>
  <ItemGroup>
    <ClInclude Include="C:\Users\YW\Documents\GitHub\CMacIonize\src\CCDImage.hpp">
      <Filter>Header Files</Filter>
    </ClInclude>
  </ItemGroup>
  <ItemGroup>
    <CustomBuild Include="C:\Users\YW\Documents\GitHub\CMacIonize\test\CMakeLists.txt" />
  </ItemGroup>
  <ItemGroup>
    <Filter Include="Header Files">
      <UniqueIdentifier>{CA88EDD2-9770-3791-BA41-FD26E5CF8DA8}</UniqueIdentifier>
    </Filter>
    <Filter Include="Source Files">
      <UniqueIdentifier>{A0DA2BCB-F2A0-3802-9E11-46E2756C3FC5}</UniqueIdentifier>
    </Filter>
  </ItemGroup>
</Project>
